
Microsoft Visual Studio Solution File, Format Version 12.00
# Visual Studio Version 17
VisualStudioVersion = 17.5.33530.505
MinimumVisualStudioVersion = 10.0.40219.1
Project("{FAE04EC0-301F-11D3-BF4B-00C04F79EFBC}") = "PacktLibrary", "PacktLibrary\PacktLibrary.csproj", "{94B3B079-3CBD-442C-B973-DAA02A5992C0}"
EndProject
Project("{FAE04EC0-301F-11D3-BF4B-00C04F79EFBC}") = "PeopleApp", "PeopleApp\PeopleApp.csproj", "{FB89A719-D681-4C03-817C-6BA4E3DA5FEC}"
EndProject
Global
	GlobalSection(SolutionConfigurationPlatforms) = preSolution
		Debug|Any CPU = Debug|Any CPU
		Release|Any CPU = Release|Any CPU
	EndGlobalSection
	GlobalSection(ProjectConfigurationPlatforms) = postSolution
		{94B3B079-3CBD-442C-B973-DAA02A5992C0}.Debug|Any CPU.ActiveCfg = Debug|Any CPU
		{94B3B079-3CBD-442C-B973-DAA02A5992C0}.Debug|Any CPU.Build.0 = Debug|Any CPU
		{94B3B079-3CBD-442C-B973-DAA02A5992C0}.Release|Any CPU.ActiveCfg = Release|Any CPU
		{94B3B079-3CBD-442C-B973-DAA02A5992C0}.Release|Any CPU.Build.0 = Release|Any CPU
		{FB89A719-D681-4C03-817C-6BA4E3DA5FEC}.Debug|Any CPU.ActiveCfg = Debug|Any CPU
		{FB89A719-D681-4C03-817C-6BA4E3DA5FEC}.Debug|Any CPU.Build.0 = Debug|Any CPU
		{FB89A719-D681-4C03-817C-6BA4E3DA5FEC}.Release|Any CPU.ActiveCfg = Release|Any CPU
		{FB89A719-D681-4C03-817C-6BA4E3DA5FEC}.Release|Any CPU.Build.0 = Release|Any CPU
	EndGlobalSection
	GlobalSection(SolutionProperties) = preSolution
		HideSolutionNode = FALSE
	EndGlobalSection
	GlobalSection(ExtensibilityGlobals) = postSolution
		SolutionGuid = {581FB77E-DB72-4C05-9B9A-E16C25856EED}
	EndGlobalSection
EndGlobal
