
Microsoft Visual Studio Solution File, Format Version 12.00
# Visual Studio Version 17
VisualStudioVersion = 17.10.34916.146
MinimumVisualStudioVersion = 10.0.40219.1
Project("{9A19103F-16F7-4668-BE54-9A1E7A4F7556}") = "WorkingWithNumbers", "WorkingWithNumbers\WorkingWithNumbers.csproj", "{16671E1B-01A9-4C3A-A9C0-35CC0F357FE2}"
EndProject
Project("{FAE04EC0-301F-11D3-BF4B-00C04F79EFBC}") = "WorkingWithText", "WorkingWithText\WorkingWithText.csproj", "{061D27D0-A35C-4CFA-927E-5B1FE474EFCB}"
EndProject
Project("{FAE04EC0-301F-11D3-BF4B-00C04F79EFBC}") = "WorkingWithRegularExpressions", "WorkingWithRegularExpressions\WorkingWithRegularExpressions.csproj", "{5FEE8702-E497-4C99-98CD-B42DAC648C6A}"
EndProject
Project("{FAE04EC0-301F-11D3-BF4B-00C04F79EFBC}") = "WorkingWithNetworkResources", "WorkingWithNetworkResources\WorkingWithNetworkResources.csproj", "{0069FC90-FE1E-4E56-A2A8-66DB069A3A2A}"
EndProject
Global
	GlobalSection(SolutionConfigurationPlatforms) = preSolution
		Debug|Any CPU = Debug|Any CPU
		Release|Any CPU = Release|Any CPU
	EndGlobalSection
	GlobalSection(ProjectConfigurationPlatforms) = postSolution
		{16671E1B-01A9-4C3A-A9C0-35CC0F357FE2}.Debug|Any CPU.ActiveCfg = Debug|Any CPU
		{16671E1B-01A9-4C3A-A9C0-35CC0F357FE2}.Debug|Any CPU.Build.0 = Debug|Any CPU
		{16671E1B-01A9-4C3A-A9C0-35CC0F357FE2}.Release|Any CPU.ActiveCfg = Release|Any CPU
		{16671E1B-01A9-4C3A-A9C0-35CC0F357FE2}.Release|Any CPU.Build.0 = Release|Any CPU
		{061D27D0-A35C-4CFA-927E-5B1FE474EFCB}.Debug|Any CPU.ActiveCfg = Debug|Any CPU
		{061D27D0-A35C-4CFA-927E-5B1FE474EFCB}.Debug|Any CPU.Build.0 = Debug|Any CPU
		{061D27D0-A35C-4CFA-927E-5B1FE474EFCB}.Release|Any CPU.ActiveCfg = Release|Any CPU
		{061D27D0-A35C-4CFA-927E-5B1FE474EFCB}.Release|Any CPU.Build.0 = Release|Any CPU
		{5FEE8702-E497-4C99-98CD-B42DAC648C6A}.Debug|Any CPU.ActiveCfg = Debug|Any CPU
		{5FEE8702-E497-4C99-98CD-B42DAC648C6A}.Debug|Any CPU.Build.0 = Debug|Any CPU
		{5FEE8702-E497-4C99-98CD-B42DAC648C6A}.Release|Any CPU.ActiveCfg = Release|Any CPU
		{5FEE8702-E497-4C99-98CD-B42DAC648C6A}.Release|Any CPU.Build.0 = Release|Any CPU
		{0069FC90-FE1E-4E56-A2A8-66DB069A3A2A}.Debug|Any CPU.ActiveCfg = Debug|Any CPU
		{0069FC90-FE1E-4E56-A2A8-66DB069A3A2A}.Debug|Any CPU.Build.0 = Debug|Any CPU
		{0069FC90-FE1E-4E56-A2A8-66DB069A3A2A}.Release|Any CPU.ActiveCfg = Release|Any CPU
		{0069FC90-FE1E-4E56-A2A8-66DB069A3A2A}.Release|Any CPU.Build.0 = Release|Any CPU
	EndGlobalSection
	GlobalSection(SolutionProperties) = preSolution
		HideSolutionNode = FALSE
	EndGlobalSection
	GlobalSection(ExtensibilityGlobals) = postSolution
		SolutionGuid = {70D77B52-DD30-4C07-A4DB-75BB2D88034B}
	EndGlobalSection
EndGlobal
