
Microsoft Visual Studio Solution File, Format Version 12.00
# Visual Studio Version 17
VisualStudioVersion = 17.10.34916.146
MinimumVisualStudioVersion = 10.0.40219.1
Project("{FAE04EC0-301F-11D3-BF4B-00C04F79EFBC}") = "WorkingWithNumbers", "WorkingWithNumbers\WorkingWithNumbers.csproj", "{16671E1B-01A9-4C3A-A9C0-35CC0F357FE2}"
EndProject
Global
	GlobalSection(SolutionConfigurationPlatforms) = preSolution
		Debug|Any CPU = Debug|Any CPU
		Release|Any CPU = Release|Any CPU
	EndGlobalSection
	GlobalSection(ProjectConfigurationPlatforms) = postSolution
		{16671E1B-01A9-4C3A-A9C0-35CC0F357FE2}.Debug|Any CPU.ActiveCfg = Debug|Any CPU
		{16671E1B-01A9-4C3A-A9C0-35CC0F357FE2}.Debug|Any CPU.Build.0 = Debug|Any CPU
		{16671E1B-01A9-4C3A-A9C0-35CC0F357FE2}.Release|Any CPU.ActiveCfg = Release|Any CPU
		{16671E1B-01A9-4C3A-A9C0-35CC0F357FE2}.Release|Any CPU.Build.0 = Release|Any CPU
	EndGlobalSection
	GlobalSection(SolutionProperties) = preSolution
		HideSolutionNode = FALSE
	EndGlobalSection
	GlobalSection(ExtensibilityGlobals) = postSolution
		SolutionGuid = {70D77B52-DD30-4C07-A4DB-75BB2D88034B}
	EndGlobalSection
EndGlobal
