
Microsoft Visual Studio Solution File, Format Version 12.00
# Visual Studio Version 17
VisualStudioVersion = 17.5.33516.290
MinimumVisualStudioVersion = 10.0.40219.1
Project("{9A19103F-16F7-4668-BE54-9A1E7A4F7556}") = "WritingFunctions", "WritingFunctions\WritingFunctions.csproj", "{E6A4EAAF-3791-435F-9DBA-0465CB41D73D}"
EndProject
Project("{9A19103F-16F7-4668-BE54-9A1E7A4F7556}") = "Debugging", "Debugging\Debugging.csproj", "{C3F68A5D-D95B-4BBA-9C92-220DDDA56D98}"
EndProject
Project("{9A19103F-16F7-4668-BE54-9A1E7A4F7556}") = "HotReloading", "HotReloading\HotReloading.csproj", "{475158B3-662E-415E-9E2F-7AE9C4054511}"
EndProject
Project("{9A19103F-16F7-4668-BE54-9A1E7A4F7556}") = "Instrumenting", "Instrumenting\Instrumenting.csproj", "{B7AC6C1F-37DA-49E5-9B01-AC8F77FDEC0A}"
EndProject
Project("{FAE04EC0-301F-11D3-BF4B-00C04F79EFBC}") = "CalculatorLib", "CalculatorLib\CalculatorLib.csproj", "{72A270DF-D73D-4033-92A5-9BC051FBD3E9}"
EndProject
Project("{FAE04EC0-301F-11D3-BF4B-00C04F79EFBC}") = "CalculatorLibUnitTests", "CalculatorLibUnitTests\CalculatorLibUnitTests.csproj", "{B9572CA8-6273-4EF0-82A5-54BA6BDD04EA}"
EndProject
Global
	GlobalSection(SolutionConfigurationPlatforms) = preSolution
		Debug|Any CPU = Debug|Any CPU
		Release|Any CPU = Release|Any CPU
	EndGlobalSection
	GlobalSection(ProjectConfigurationPlatforms) = postSolution
		{E6A4EAAF-3791-435F-9DBA-0465CB41D73D}.Debug|Any CPU.ActiveCfg = Debug|Any CPU
		{E6A4EAAF-3791-435F-9DBA-0465CB41D73D}.Debug|Any CPU.Build.0 = Debug|Any CPU
		{E6A4EAAF-3791-435F-9DBA-0465CB41D73D}.Release|Any CPU.ActiveCfg = Release|Any CPU
		{E6A4EAAF-3791-435F-9DBA-0465CB41D73D}.Release|Any CPU.Build.0 = Release|Any CPU
		{C3F68A5D-D95B-4BBA-9C92-220DDDA56D98}.Debug|Any CPU.ActiveCfg = Debug|Any CPU
		{C3F68A5D-D95B-4BBA-9C92-220DDDA56D98}.Debug|Any CPU.Build.0 = Debug|Any CPU
		{C3F68A5D-D95B-4BBA-9C92-220DDDA56D98}.Release|Any CPU.ActiveCfg = Release|Any CPU
		{C3F68A5D-D95B-4BBA-9C92-220DDDA56D98}.Release|Any CPU.Build.0 = Release|Any CPU
		{475158B3-662E-415E-9E2F-7AE9C4054511}.Debug|Any CPU.ActiveCfg = Debug|Any CPU
		{475158B3-662E-415E-9E2F-7AE9C4054511}.Debug|Any CPU.Build.0 = Debug|Any CPU
		{475158B3-662E-415E-9E2F-7AE9C4054511}.Release|Any CPU.ActiveCfg = Release|Any CPU
		{475158B3-662E-415E-9E2F-7AE9C4054511}.Release|Any CPU.Build.0 = Release|Any CPU
		{B7AC6C1F-37DA-49E5-9B01-AC8F77FDEC0A}.Debug|Any CPU.ActiveCfg = Debug|Any CPU
		{B7AC6C1F-37DA-49E5-9B01-AC8F77FDEC0A}.Debug|Any CPU.Build.0 = Debug|Any CPU
		{B7AC6C1F-37DA-49E5-9B01-AC8F77FDEC0A}.Release|Any CPU.ActiveCfg = Release|Any CPU
		{B7AC6C1F-37DA-49E5-9B01-AC8F77FDEC0A}.Release|Any CPU.Build.0 = Release|Any CPU
		{72A270DF-D73D-4033-92A5-9BC051FBD3E9}.Debug|Any CPU.ActiveCfg = Debug|Any CPU
		{72A270DF-D73D-4033-92A5-9BC051FBD3E9}.Debug|Any CPU.Build.0 = Debug|Any CPU
		{72A270DF-D73D-4033-92A5-9BC051FBD3E9}.Release|Any CPU.ActiveCfg = Release|Any CPU
		{72A270DF-D73D-4033-92A5-9BC051FBD3E9}.Release|Any CPU.Build.0 = Release|Any CPU
		{B9572CA8-6273-4EF0-82A5-54BA6BDD04EA}.Debug|Any CPU.ActiveCfg = Debug|Any CPU
		{B9572CA8-6273-4EF0-82A5-54BA6BDD04EA}.Debug|Any CPU.Build.0 = Debug|Any CPU
		{B9572CA8-6273-4EF0-82A5-54BA6BDD04EA}.Release|Any CPU.ActiveCfg = Release|Any CPU
		{B9572CA8-6273-4EF0-82A5-54BA6BDD04EA}.Release|Any CPU.Build.0 = Release|Any CPU
	EndGlobalSection
	GlobalSection(SolutionProperties) = preSolution
		HideSolutionNode = FALSE
	EndGlobalSection
	GlobalSection(ExtensibilityGlobals) = postSolution
		SolutionGuid = {41D9DA55-EC51-4D59-972B-6F89E9FD9DCB}
	EndGlobalSection
EndGlobal
