
Microsoft Visual Studio Solution File, Format Version 12.00
# Visual Studio Version 17
VisualStudioVersion = 17.10.34916.146
MinimumVisualStudioVersion = 10.0.40219.1
Project("{FAE04EC0-301F-11D3-BF4B-00C04F79EFBC}") = "AssembliesAndNamespaces", "AssembliesAndNamespaces\AssembliesAndNamespaces.csproj", "{0E9DEC5F-E032-4F51-8BF3-77538EFE0565}"
EndProject
Global
	GlobalSection(SolutionConfigurationPlatforms) = preSolution
		Debug|Any CPU = Debug|Any CPU
		Release|Any CPU = Release|Any CPU
	EndGlobalSection
	GlobalSection(ProjectConfigurationPlatforms) = postSolution
		{0E9DEC5F-E032-4F51-8BF3-77538EFE0565}.Debug|Any CPU.ActiveCfg = Debug|Any CPU
		{0E9DEC5F-E032-4F51-8BF3-77538EFE0565}.Debug|Any CPU.Build.0 = Debug|Any CPU
		{0E9DEC5F-E032-4F51-8BF3-77538EFE0565}.Release|Any CPU.ActiveCfg = Release|Any CPU
		{0E9DEC5F-E032-4F51-8BF3-77538EFE0565}.Release|Any CPU.Build.0 = Release|Any CPU
	EndGlobalSection
	GlobalSection(SolutionProperties) = preSolution
		HideSolutionNode = FALSE
	EndGlobalSection
	GlobalSection(ExtensibilityGlobals) = postSolution
		SolutionGuid = {0978BBED-E390-4009-A88B-1487EE6F1888}
	EndGlobalSection
EndGlobal
